
Microsoft Visual Studio Solution File, Format Version 12.00
# Visual Studio Version 16
VisualStudioVersion = 16.0.31515.178
MinimumVisualStudioVersion = 10.0.40219.1
Project("{FAE04EC0-301F-11D3-BF4B-00C04F79EFBC}") = "RetroFront.Agent", "RetroFront.Agent\RetroFront.Agent.csproj", "{41ABD261-F6E6-4F7A-82E1-DED036CF1F0C}"
EndProject
Project("{FAE04EC0-301F-11D3-BF4B-00C04F79EFBC}") = "RetroFront.Agent.Common", "RetroFront.Agent.Common\RetroFront.Agent.Common.csproj", "{47A1EBF7-3E35-4115-8CE1-C740D6FDC155}"
EndProject
Global
	GlobalSection(SolutionConfigurationPlatforms) = preSolution
		Debug|Any CPU = Debug|Any CPU
		Release|Any CPU = Release|Any CPU
	EndGlobalSection
	GlobalSection(ProjectConfigurationPlatforms) = postSolution
		{41ABD261-F6E6-4F7A-82E1-DED036CF1F0C}.Debug|Any CPU.ActiveCfg = Debug|Any CPU
		{41ABD261-F6E6-4F7A-82E1-DED036CF1F0C}.Debug|Any CPU.Build.0 = Debug|Any CPU
		{41ABD261-F6E6-4F7A-82E1-DED036CF1F0C}.Release|Any CPU.ActiveCfg = Release|Any CPU
		{41ABD261-F6E6-4F7A-82E1-DED036CF1F0C}.Release|Any CPU.Build.0 = Release|Any CPU
		{47A1EBF7-3E35-4115-8CE1-C740D6FDC155}.Debug|Any CPU.ActiveCfg = Debug|Any CPU
		{47A1EBF7-3E35-4115-8CE1-C740D6FDC155}.Debug|Any CPU.Build.0 = Debug|Any CPU
		{47A1EBF7-3E35-4115-8CE1-C740D6FDC155}.Release|Any CPU.ActiveCfg = Release|Any CPU
		{47A1EBF7-3E35-4115-8CE1-C740D6FDC155}.Release|Any CPU.Build.0 = Release|Any CPU
	EndGlobalSection
	GlobalSection(SolutionProperties) = preSolution
		HideSolutionNode = FALSE
	EndGlobalSection
	GlobalSection(ExtensibilityGlobals) = postSolution
		SolutionGuid = {4A237DAB-CC96-468D-963F-31A4986D1E9E}
	EndGlobalSection
EndGlobal
